{
  "name": "dotfiles",
  "lockfileVersion": 3,
  "requires": true,
  "packages": {
    "": {
      "dependencies": {
        "colorjs.io": "0.6.0-alpha.1"
      }
    },
    "node_modules/colorjs.io": {
      "version": "0.6.0-alpha.1",
      "resolved": "https://registry.npmjs.org/colorjs.io/-/colorjs.io-0.6.0-alpha.1.tgz",
      "integrity": "sha512-c/h/8uAmPydQcriRdX8UTAFHj6SpSHFHBA8LvMikvYWAVApPTwg/pyOXNsGmaCBd6L/EeDlRHSNhTtnIFp/qsg==",
      "license": "MIT",
      "funding": {
        "type": "opencollective",
        "url": "https://opencollective.com/color"
      }
    }
  }
}
