version = 1
revision = 3
requires-python = ">=3.14"

[[package]]
name = "dotfiles"
version = "0.1.0"
source = { virtual = "." }
dependencies = [
    { name = "pillow" },
]

[package.dev-dependencies]
dev = [
    { name = "fonttools" },
    { name = "ruff" },
    { name = "ty" },
]

[package.metadata]
requires-dist = [{ name = "pillow", specifier = ">=12.3.0" }]

[package.metadata.requires-dev]
dev = [
    { name = "fonttools", specifier = ">=4.64.0" },
    { name = "ruff", specifier = ">=0.16.0" },
    { name = "ty", specifier = ">=0.0.19" },
]

[[package]]
name = "fonttools"
version = "4.64.0"
source = { registry = "https://pypi.org/simple" }
sdist = { url = "https://files.pythonhosted.org/packages/d4/41/0f072a712dc74496e03710e462a18a4cfd8a258ad055a4e22d28b43a7abd/fonttools-4.64.0.tar.gz", hash = "sha256:ecb2e59a7bc692fee64dda6010deb66222335693b30046f15cccf81233aa715f", size = 3664266, upload-time = "2026-08-31T15:44:33.685Z" }
wheels = [
    { url = "https://files.pythonhosted.org/packages/a0/0a/59b9074b8ab165cc28d3e08bcf7a8eff8e1dc5932a5a41c87b15952fa3af/fonttools-4.64.0-cp314-cp314-macosx_10_15_universal2.whl", hash = "sha256:6f1ce9ef9a1b13098efdc2e43a2ed96d9851bbde7b31c652a87552c4efe9b422", size = 3096790, upload-time = "2026-08-31T15:43:21.125Z" },
    { url = "https://files.pythonhosted.org/packages/17/39/af1077a36feefe79f36d67d75aee637a96673c0a74eeb2c6f24266f5a20b/fonttools-4.64.0-cp314-cp314-macosx_10_15_x86_64.whl", hash = "sha256:83cc48d1411d2ff388dab99973dca81172cc9ceae9c9799da9548d494cfb38cb", size = 2584288, upload-time = "2026-08-31T15:43:23.148Z" },
    { url = "https://files.pythonhosted.org/packages/00/c4/1ea58af0eb78264d28e5871bba0810bf0943cd93d641fdeae92553ad3410/fonttools-4.64.0-cp314-cp314-manylinux2014_aarch64.manylinux_2_17_aarch64.manylinux_2_28_aarch64.whl", hash = "sha256:e412767d1c9765cf1b82f7b00f1686c6ca5809ebb77af363b3f9f2325a465c01", size = 5378061, upload-time = "2026-08-31T15:43:25.193Z" },
    { url = "https://files.pythonhosted.org/packages/93/99/5c7e36d770407b66f7fc8378d2bb47f1530d083d8b9247ff011ec9b4dd70/fonttools-4.64.0-cp314-cp314-manylinux2014_x86_64.manylinux_2_17_x86_64.whl", hash = "sha256:b4a7af455ffed980925bc0ebf5b8d6239e6c3e797d9d755b6db192fb3080d614", size = 5319458, upload-time = "2026-08-31T15:43:27.696Z" },
    { url = "https://files.pythonhosted.org/packages/a8/09/89e8d600e92723309d4ddd3944c4ca565197a5df0236ae4115ccbe797375/fonttools-4.64.0-cp314-cp314-musllinux_1_2_aarch64.whl", hash = "sha256:398b14f89ca950b288bd290875f07e4e10685644fa4ac668546fb107b1ada4d4", size = 5316656, upload-time = "2026-08-31T15:43:29.842Z" },
    { url = "https://files.pythonhosted.org/packages/0e/b3/56719ab37e1592ceac89724574146622bedec036a207be80f3c7b1c14cbe/fonttools-4.64.0-cp314-cp314-musllinux_1_2_x86_64.whl", hash = "sha256:dc96150f99e05a317cb1f042b92c4cf8bc93cdb1f9f85717322e202ecdf2e505", size = 5448380, upload-time = "2026-08-31T15:43:32.311Z" },
    { url = "https://files.pythonhosted.org/packages/3b/b0/15951b7e3006073f3260da4f8983732d18903905cfe26daa5138a0bbf682/fonttools-4.64.0-cp314-cp314-win32.whl", hash = "sha256:1c3661324f3f0fa4539a32288a3e0711a5f3ccf020036e760bb558ae9811a16f", size = 2432778, upload-time = "2026-08-31T15:43:34.421Z" },
    { url = "https://files.pythonhosted.org/packages/8e/f3/0c97402b29411f4f6d31b32f2af5b4bcd5babe5a93c64558a8fd3654f140/fonttools-4.64.0-cp314-cp314-win_amd64.whl", hash = "sha256:043f6c572bf236f2a76e762c25f841daea11e8fc03e78088d7be66e0c5b4e4c0", size = 2485394, upload-time = "2026-08-31T15:43:36.506Z" },
    { url = "https://files.pythonhosted.org/packages/00/da/82192c7bee5314f04129a068dddae11082a63295d4e3b5ce08657de96608/fonttools-4.64.0-cp314-cp314t-macosx_10_15_universal2.whl", hash = "sha256:4691a122b8c1d0d82d6e7510ce59d5c42146518240274b53e912e255573924f7", size = 3170118, upload-time = "2026-08-31T15:43:38.579Z" },
    { url = "https://files.pythonhosted.org/packages/42/2d/0b4f608d754f625fecc7d94b3b26af6f65f6ab4527b386bb0c6141cdd9ea/fonttools-4.64.0-cp314-cp314t-macosx_10_15_x86_64.whl", hash = "sha256:3200180abc69639483cf54a17cca2e13c31ede5f665979ea0a9c829d093f372f", size = 2617333, upload-time = "2026-08-31T15:43:40.934Z" },
    { url = "https://files.pythonhosted.org/packages/5e/df/9f7448c38dea05458acfee81c443b14ef97d6d66c636af053d41cf8a32dd/fonttools-4.64.0-cp314-cp314t-manylinux2014_aarch64.manylinux_2_17_aarch64.manylinux_2_28_aarch64.whl", hash = "sha256:53eee22af5b5a305c1ee2652955ed46b148e881456fcec1e7f0eb27f642f6bb4", size = 5542345, upload-time = "2026-08-31T15:43:43.114Z" },
    { url = "https://files.pythonhosted.org/packages/b1/e8/cbf4a81e8be322bc4bee4ba31cd33a7b6336ef8030fa13b53b3e9c09fbf9/fonttools-4.64.0-cp314-cp314t-manylinux2014_x86_64.manylinux_2_17_x86_64.whl", hash = "sha256:08f172961e11f4eb4f80f2f20049e09b0ea8e044fa6d456fed8346eb8588f360", size = 5349981, upload-time = "2026-08-31T15:43:45.363Z" },
    { url = "https://files.pythonhosted.org/packages/d8/dc/106fd9e93e962dbb60482d30c0913af3d108f5762429dfe93265a850bdc5/fonttools-4.64.0-cp314-cp314t-musllinux_1_2_aarch64.whl", hash = "sha256:6eae4376adb104c2acfa76fd9ea0cb12b572ca1d70eceac709871f638ff76e93", size = 5409249, upload-time = "2026-08-31T15:43:47.817Z" },
    { url = "https://files.pythonhosted.org/packages/b0/2d/c7be990abf74c9c5c5367ae3dc65953ffce49fe00f62abd129cf725a2397/fonttools-4.64.0-cp314-cp314t-musllinux_1_2_x86_64.whl", hash = "sha256:2730946ca8f12c356bd98eb9b2b095c8e761ed05bed5afb0d5b380cebe4f6370", size = 5443781, upload-time = "2026-08-31T15:43:49.909Z" },
    { url = "https://files.pythonhosted.org/packages/9b/cc/bffec3dccb9e3f4f6097a2baedaef5a8dec2cb816522ee163e4bb7f54b44/fonttools-4.64.0-cp314-cp314t-win32.whl", hash = "sha256:d30c966bea2deffa19c738c81776f7182da5ccabd97e666bae4f3d6ba87341d9", size = 2466542, upload-time = "2026-08-31T15:43:52.088Z" },
    { url = "https://files.pythonhosted.org/packages/96/49/e31f97dfc94e0648999f04bfccb37a97062d978f87df60654f496942c89f/fonttools-4.64.0-cp314-cp314t-win_amd64.whl", hash = "sha256:917fd520bb60809d83c14d43cfe48d5ad2516abaf2c073d65a431800dade2d29", size = 2516703, upload-time = "2026-08-31T15:43:53.954Z" },
    { url = "https://files.pythonhosted.org/packages/fe/ec/e39b9e56db7dcc859983caa24cf2a36209dd71f6cc8ddbbf00d7342d7988/fonttools-4.64.0-cp315-cp315-macosx_10_15_universal2.whl", hash = "sha256:8dd18fdff0ac9759b8d67a714730abee07b2312e3656c20ba5affb0107094762", size = 3091150, upload-time = "2026-08-31T15:43:56.309Z" },
    { url = "https://files.pythonhosted.org/packages/a8/e1/3e6a409d6f99efb66c2f6d0a71986432ff9cc9aca0df9ff4a8bed1d850f6/fonttools-4.64.0-cp315-cp315-macosx_10_15_x86_64.whl", hash = "sha256:5af87d1a6d247d7467ee082ae977a5443b2c45f8cd4d59375b6daa38d523c2de", size = 2582833, upload-time = "2026-08-31T15:43:58.348Z" },
    { url = "https://files.pythonhosted.org/packages/91/7e/e8aec0e6eaf93267450535c1be9c9ae63e1d9c49659c2ffdb52c19982114/fonttools-4.64.0-cp315-cp315-manylinux2014_aarch64.manylinux_2_17_aarch64.manylinux_2_28_aarch64.whl", hash = "sha256:769fb64412ca237547ca73f111a64252d9e32c9d938bed51ed537bc9146a8f54", size = 5375327, upload-time = "2026-08-31T15:44:00.417Z" },
    { url = "https://files.pythonhosted.org/packages/61/d1/fa9ce5c1c3c0ef858a2cbe5632e9b6b137deca010b28d5d9a677e4aa89a7/fonttools-4.64.0-cp315-cp315-manylinux2014_x86_64.manylinux_2_17_x86_64.whl", hash = "sha256:e662f874ab2c7da9861584db44a13573e0936df087215f63013138f6e5eba083", size = 5338647, upload-time = "2026-08-31T15:44:02.62Z" },
    { url = "https://files.pythonhosted.org/packages/0d/13/e4d4fa3c166f7f5a8f9b6403ad9dcb3887cd05f8b9d2638bd2b43d2889ef/fonttools-4.64.0-cp315-cp315-musllinux_1_2_aarch64.whl", hash = "sha256:2524a26f8fdb9051b0d778d052f5d238285ca9f91a7dc004514c7d6cf38d35f4", size = 5313557, upload-time = "2026-08-31T15:44:05.037Z" },
    { url = "https://files.pythonhosted.org/packages/91/c8/5a352d69608ea7606f677080ede971090fc7340b9f143c0b4fa00cfbf63e/fonttools-4.64.0-cp315-cp315-musllinux_1_2_x86_64.whl", hash = "sha256:1e4e84b47839d35be24dbf476845a34f2ccf99707b66df125c1c414d3e86d25d", size = 5462363, upload-time = "2026-08-31T15:44:07.13Z" },
    { url = "https://files.pythonhosted.org/packages/4b/f1/b15b845f66b559a24a9c40859391bbd3048af3ac0fd04e45b57dca11c4c7/fonttools-4.64.0-cp315-cp315-win32.whl", hash = "sha256:be084d19a3ac0c8b2aba696680642d703118d3b1f18cf83f5b7dbaf0ffc62ab6", size = 2431682, upload-time = "2026-08-31T15:44:09.293Z" },
    { url = "https://files.pythonhosted.org/packages/c6/b2/909beff0d2e2e1adac896e36cff7f9d76fd154bcd57e303d8f09aee8f72b/fonttools-4.64.0-cp315-cp315-win_amd64.whl", hash = "sha256:de8acaa5f4160f537a3cf41b031171d51004b9f4aebfa6c194f18dffa9533d03", size = 2484393, upload-time = "2026-08-31T15:44:11.117Z" },
    { url = "https://files.pythonhosted.org/packages/40/47/06a51becf651cc071daa88e18ecb9f45ace9e3a570d8191ed8b3cae353fa/fonttools-4.64.0-cp315-cp315t-macosx_10_15_universal2.whl", hash = "sha256:5b90ad6637237b636d15c9ae8b7c4a7a1c194f33def378677e468c13fd4542f8", size = 3162235, upload-time = "2026-08-31T15:44:13.182Z" },
    { url = "https://files.pythonhosted.org/packages/dd/96/8b3faf58fd7ec3bb11943126658ad15b3f385068b23248deffccf2327ac1/fonttools-4.64.0-cp315-cp315t-macosx_10_15_x86_64.whl", hash = "sha256:fa75c7970bc6bca340cc6e20f20f069201bfcb50094c31a536fd99724d1d01ca", size = 2613507, upload-time = "2026-08-31T15:44:15.123Z" },
    { url = "https://files.pythonhosted.org/packages/bb/3a/223d1437e72d79f1549be7bafb3cc08f397e1d9c354a241a8ec8573b7d33/fonttools-4.64.0-cp315-cp315t-manylinux2014_aarch64.manylinux_2_17_aarch64.manylinux_2_28_aarch64.whl", hash = "sha256:236e59bc7e2a63557a4d7b013f9cb9e28d9aebc45bc09f85e545e6bf091db626", size = 5518005, upload-time = "2026-08-31T15:44:17.359Z" },
    { url = "https://files.pythonhosted.org/packages/9d/9f/6f1a4b40ae533b9e907b7e627e397be632d0d9fd6f6be7756cf458870279/fonttools-4.64.0-cp315-cp315t-manylinux2014_x86_64.manylinux_2_17_x86_64.whl", hash = "sha256:a515f664cad988f2295056833a59f62220bc3e46afdaffe389a29060f6712355", size = 5341654, upload-time = "2026-08-31T15:44:19.869Z" },
    { url = "https://files.pythonhosted.org/packages/52/f6/9ca30ba98730a22b527bcc1e02034f0b13b3be2ede764bb0fe8b8e0408d6/fonttools-4.64.0-cp315-cp315t-musllinux_1_2_aarch64.whl", hash = "sha256:5bfdaada437e7730c17d366bd7bb8c4a16639963ddbfc1b2f302a68a17a290e7", size = 5385994, upload-time = "2026-08-31T15:44:21.979Z" },
    { url = "https://files.pythonhosted.org/packages/09/27/baf1b61bff983bfec72cbb7b32162c4b68d76dc824aaaa48a1c26fa10b6b/fonttools-4.64.0-cp315-cp315t-musllinux_1_2_x86_64.whl", hash = "sha256:c60be0aed97a32c6ba8cee21f0d0477136e495451bd97910f589ac892db120d4", size = 5432407, upload-time = "2026-08-31T15:44:24.469Z" },
    { url = "https://files.pythonhosted.org/packages/21/ff/2eab37d43f2e2ccc0993959d8f2605d9a68470082c592684ac98611ee70a/fonttools-4.64.0-cp315-cp315t-win32.whl", hash = "sha256:f8669ce37851b597d3435b91fefa51139e58d506ca449ca0e5bb68c63b8b6d2b", size = 2463614, upload-time = "2026-08-31T15:44:27.198Z" },
    { url = "https://files.pythonhosted.org/packages/dc/8d/8bdff3ea656592197c8ef5062774221885468ffa01d8b0dc782dae23a83a/fonttools-4.64.0-cp315-cp315t-win_amd64.whl", hash = "sha256:89356c0793b474af7e49ec90d39fb2363e2341516a90460e38231df5ebe8acd5", size = 2512422, upload-time = "2026-08-31T15:44:29.478Z" },
    { url = "https://files.pythonhosted.org/packages/82/f8/7188153c4b265c899cd035de6a062677d51f67118a4ba640902bd9683e90/fonttools-4.64.0-py3-none-any.whl", hash = "sha256:4a05783ff54ce4c7a28f18e5772efdf63c219374bd9ffc55452182e1cef8be60", size = 1195327, upload-time = "2026-08-31T15:44:31.741Z" },
]

[[package]]
name = "pillow"
version = "12.3.0"
source = { registry = "https://pypi.org/simple" }
sdist = { url = "https://files.pythonhosted.org/packages/1c/3d/bb7fca845737cf9d7dbde16ed1843984665ff2e0a518f5db43e77ec540b9/pillow-12.3.0.tar.gz", hash = "sha256:3b8182a766685eaa002637e28b4ec8d6b18819a0c71f579bf0dbaa5830297cce", size = 47025035, upload-time = "2026-07-01T11:56:38.965Z" }
wheels = [
    { url = "https://files.pythonhosted.org/packages/dc/01/001f65b68192f0228cc1dbbc8d2530ab5d58b61037ba0587f946fea607cd/pillow-12.3.0-cp314-cp314-ios_13_0_arm64_iphoneos.whl", hash = "sha256:9cf95fe4d0f84c82d282745d9bb08ad9f926efa00be4697e767b814ce40d4330", size = 4161736, upload-time = "2026-07-01T11:54:51.156Z" },
    { url = "https://files.pythonhosted.org/packages/1a/d2/0219746d0fd16fc8a84498e79452375be3797d3ce4044596ce565164b84f/pillow-12.3.0-cp314-cp314-ios_13_0_arm64_iphonesimulator.whl", hash = "sha256:8728f216dcdb6e6d555cf971cb34076139ad74b31fc2c14da4fafc741c5f6217", size = 4255435, upload-time = "2026-07-01T11:54:53.414Z" },
    { url = "https://files.pythonhosted.org/packages/c8/02/8d0bc62ef0302318c46ff2a512822d2610e81c7aa46c9b3abe6cbaca5ad0/pillow-12.3.0-cp314-cp314-ios_13_0_x86_64_iphonesimulator.whl", hash = "sha256:a45650e8ce7fafffd731db8550230db6b0d306d181a90b67d3e6bca2f1990930", size = 3696262, upload-time = "2026-07-01T11:54:55.739Z" },
    { url = "https://files.pythonhosted.org/packages/85/e2/73c77d218410b14f5f2d565e8a998d5317b7b9c75368d29985139f7a46f0/pillow-12.3.0-cp314-cp314-macosx_10_15_x86_64.whl", hash = "sha256:ba54cfebe86920a559a7c4d6b9050791c20513650a1952ebe3368c7dc70306f8", size = 5350344, upload-time = "2026-07-01T11:54:57.657Z" },
    { url = "https://files.pythonhosted.org/packages/c7/da/32c752228ae345f489e3a42499d817b6c3996da7e8a3bc7a04fc806b243b/pillow-12.3.0-cp314-cp314-macosx_11_0_arm64.whl", hash = "sha256:e158cb00350dc278f3b91551101aa7d12415a66ebf2c91d8d5ac14e56ddd3ad0", size = 4780131, upload-time = "2026-07-01T11:54:59.713Z" },
    { url = "https://files.pythonhosted.org/packages/b1/9d/8b2c807dbef61a5197c047afe99823787eb66f63daf9fb2432f91d6f0462/pillow-12.3.0-cp314-cp314-manylinux_2_27_aarch64.manylinux_2_28_aarch64.whl", hash = "sha256:e9aeb04d6aef139de265b29683e119b638208f88cf73cdd1658aa07221165321", size = 6263757, upload-time = "2026-07-01T11:55:01.778Z" },
    { url = "https://files.pythonhosted.org/packages/5c/44/c85361f65dbe00eea8576ee467c768d25129989efb76e94f205e9ca9bb46/pillow-12.3.0-cp314-cp314-manylinux_2_27_x86_64.manylinux_2_28_x86_64.whl", hash = "sha256:251bf95b67017e27b13d82f5b326234ca62d70f9cf4c2b9032de2358a3b12c7b", size = 6936962, upload-time = "2026-07-01T11:55:03.93Z" },
    { url = "https://files.pythonhosted.org/packages/18/7e/e483414b35800b86b6f08dbbc7803fb5cd52c4d6f897f47d53ea2c7e6f65/pillow-12.3.0-cp314-cp314-musllinux_1_2_aarch64.whl", hash = "sha256:fe3cca2e4e8a592be0f269a1ca4835c25199d9f3ce815c8491048f785b0a0198", size = 6339171, upload-time = "2026-07-01T11:55:05.989Z" },
    { url = "https://files.pythonhosted.org/packages/f0/f4/68c491844841ede6bed70189546b3ee9731cf9f2cbad396faff5e1ccba45/pillow-12.3.0-cp314-cp314-musllinux_1_2_x86_64.whl", hash = "sha256:23aceaa007d6172b02c277f0cd359c79492bbb14f7072b4ede9fbcaf20648130", size = 7048116, upload-time = "2026-07-01T11:55:08.131Z" },
    { url = "https://files.pythonhosted.org/packages/a3/34/77f3f793fed8efc7d243f21b33c5a3f0d1c97ee70346d3db855587e155ff/pillow-12.3.0-cp314-cp314-win32.whl", hash = "sha256:af8d94b0db561cf68b88a267c5c44b49e134f525d0dc2cb7ed413a66bc23559a", size = 6467209, upload-time = "2026-07-01T11:55:10.408Z" },
    { url = "https://files.pythonhosted.org/packages/f1/e0/492879f69d94f91f60fc8cd05ba03650e9520afebb2fb7aa12777d7c7f38/pillow-12.3.0-cp314-cp314-win_amd64.whl", hash = "sha256:fdafc9cce40277e0f7a0feabce0ee50dd2fa1800f3b38015e51296b5e814048d", size = 7237707, upload-time = "2026-07-01T11:55:12.745Z" },
    { url = "https://files.pythonhosted.org/packages/c9/ac/6b11f2875f1c2ac040d84e1bbf9cf22a88038f901ca1037898b280b38365/pillow-12.3.0-cp314-cp314-win_arm64.whl", hash = "sha256:e91206ee562682b51b98ef4b26a6ef48fd84e15fd4c4bc5ec768eb641d206838", size = 2565995, upload-time = "2026-07-01T11:55:14.736Z" },
    { url = "https://files.pythonhosted.org/packages/52/69/c2208e56af9bfc1913afb24020297a691eb1d4ef688474c8a04913f65e04/pillow-12.3.0-cp314-cp314t-macosx_10_15_x86_64.whl", hash = "sha256:164b31cd1a0490ab6efae01aa5df49da7061be0af1b30e035b6e9a1bfe34ee6e", size = 5352503, upload-time = "2026-07-01T11:55:17.076Z" },
    { url = "https://files.pythonhosted.org/packages/07/70/e5686d753e898a45d778ff1718dba8516ead6ab6b95d85fc8c4b70650cf2/pillow-12.3.0-cp314-cp314t-macosx_11_0_arm64.whl", hash = "sha256:5afb51d599ea772b8365ae807ae557f18bccfe46ab261fd1c2a9ed700fc6eb17", size = 4782956, upload-time = "2026-07-01T11:55:19.448Z" },
    { url = "https://files.pythonhosted.org/packages/d5/37/25c6692f06927ee973ff18c8d9ee98ad0b4d84ee67a09610c2dd1447958e/pillow-12.3.0-cp314-cp314t-manylinux_2_27_aarch64.manylinux_2_28_aarch64.whl", hash = "sha256:3edce1d53195db527e0191f84b71d02022de0540bf43a16ed734ed7537b07385", size = 6322855, upload-time = "2026-07-01T11:55:21.613Z" },
    { url = "https://files.pythonhosted.org/packages/cc/91/420637fcb8f1bc11029e403b4538e6694744428d8246118e45719f944556/pillow-12.3.0-cp314-cp314t-manylinux_2_27_x86_64.manylinux_2_28_x86_64.whl", hash = "sha256:bf16ba1b4d0b6b7c8e534936632270cf70eb00dbe09005bc345b2677b726855c", size = 6989642, upload-time = "2026-07-01T11:55:24.006Z" },
    { url = "https://files.pythonhosted.org/packages/10/08/b94d7811281ccf0d143a1cf768d1c49e1e54af63e7b708ab2ee3eb87face/pillow-12.3.0-cp314-cp314t-musllinux_1_2_aarch64.whl", hash = "sha256:24870b09b224f7ae3c39ed07d10e819d06f8720bc551847b1d623832b5b0e28d", size = 6391281, upload-time = "2026-07-01T11:55:26.252Z" },
    { url = "https://files.pythonhosted.org/packages/d2/87/24233f785f55474dc02ce3e739c5528a77e3a862e9333d1dd7a25cc31f70/pillow-12.3.0-cp314-cp314t-musllinux_1_2_x86_64.whl", hash = "sha256:30f2aa603c41533cc25c05acd0da21636e84a315768feb631c937177db558931", size = 7096716, upload-time = "2026-07-01T11:55:28.318Z" },
    { url = "https://files.pythonhosted.org/packages/23/26/fcb2f6e37175b04f53570b59937867e2b80ee1685e744023153028fc14f9/pillow-12.3.0-cp314-cp314t-win32.whl", hash = "sha256:4b0a7fe987b14c31ebda6083f74f22b561fd3739bc0ac51e019622e3d72668c7", size = 6474125, upload-time = "2026-07-01T11:55:30.956Z" },
    { url = "https://files.pythonhosted.org/packages/90/de/3634abee5f1c9e13c56787b7d5517b0ba8d6de51700b95578cf338349c9f/pillow-12.3.0-cp314-cp314t-win_amd64.whl", hash = "sha256:962864dc93511324d51ddbb5b9f8731bf71675b93ca612a07441896f4688fb8c", size = 7242939, upload-time = "2026-07-01T11:55:34.044Z" },
    { url = "https://files.pythonhosted.org/packages/ce/2a/fd13f8eb24de5714a6eb444a3d67e2842c6c576e159a43793adf23051351/pillow-12.3.0-cp314-cp314t-win_arm64.whl", hash = "sha256:0740a512dc522224c77d9aa5a8d70d8b7d73fb91f2c21125d8d025d3b8990e45", size = 2567506, upload-time = "2026-07-01T11:55:35.988Z" },
    { url = "https://files.pythonhosted.org/packages/5d/dc/8fdce34ec725a33c81c6ba122b904d6b9024e50ea9ac7bede62fab54506c/pillow-12.3.0-cp315-cp315-ios_13_0_arm64_iphoneos.whl", hash = "sha256:0feb2e9d6ad6c9e3c06effe9d00f3f1e618a6643273576b016f591e9315a7139", size = 4162063, upload-time = "2026-07-01T11:55:37.941Z" },
    { url = "https://files.pythonhosted.org/packages/76/66/2044b9a63d3b84ff048228dfcb7cd9bf0df983e8470971bf7d4c57b693de/pillow-12.3.0-cp315-cp315-ios_13_0_arm64_iphonesimulator.whl", hash = "sha256:9e881fca225083806662a5c43d627d215f258ff43c890f831966c7d7ba9c7402", size = 4255549, upload-time = "2026-07-01T11:55:40.022Z" },
    { url = "https://files.pythonhosted.org/packages/52/7e/1f67e6f4ece6b582ee4b539decbcc9f848dc245a93ed8cd7338bafef72f1/pillow-12.3.0-cp315-cp315-ios_13_0_x86_64_iphonesimulator.whl", hash = "sha256:4998562bf62a445225f22e07c896bb04b35b1b1f2eb6d760584c9c51d7a5f78c", size = 3696331, upload-time = "2026-07-01T11:55:41.98Z" },
    { url = "https://files.pythonhosted.org/packages/12/40/d306fc2c8e4d45d7f175c77edca7063be7b86fe7fe6e68f4353bf71d808c/pillow-12.3.0-cp315-cp315-macosx_10_15_x86_64.whl", hash = "sha256:dc624f6bc473dacdf7ef7eb8678d0d08edf15cd94fad6ae5c7d6cc67a4e4902f", size = 5350370, upload-time = "2026-07-01T11:55:44.028Z" },
    { url = "https://files.pythonhosted.org/packages/dd/44/668fb1437e8ce420f62d6106eb66e44a5971602a4d794615bdf79315d82d/pillow-12.3.0-cp315-cp315-macosx_11_0_arm64.whl", hash = "sha256:71d6097b330eea8fd15097780c8e89cb1a8ce7838669f48c5bacd6f663dd4701", size = 4780147, upload-time = "2026-07-01T11:55:46.073Z" },
    { url = "https://files.pythonhosted.org/packages/0c/08/93fa2e70e30a2d81547e481b6ee2bb9522117221fb1e0ce4b5df70967677/pillow-12.3.0-cp315-cp315-manylinux_2_27_aarch64.manylinux_2_28_aarch64.whl", hash = "sha256:28ce87c5ab450a9dd970b52e5aca5fe63ed432d18a2eaddd1979a00a1ba24ace", size = 6273659, upload-time = "2026-07-01T11:55:48.264Z" },
    { url = "https://files.pythonhosted.org/packages/f8/6d/043e96ff814fc31a33077e4cba86082167db520c93632afdf2042febbb0c/pillow-12.3.0-cp315-cp315-manylinux_2_27_x86_64.manylinux_2_28_x86_64.whl", hash = "sha256:6b02afb9b97f65fbca5f31db6a2a3ba21aa93030225f150fa3f249717e938fb4", size = 6947439, upload-time = "2026-07-01T11:55:50.503Z" },
    { url = "https://files.pythonhosted.org/packages/af/92/ba71d2ee2ac0edf3fa33bd9d5ee9ee080da70b1766f3ca3934f9938ddac9/pillow-12.3.0-cp315-cp315-musllinux_1_2_aarch64.whl", hash = "sha256:1182d52bc2d5e5d7d0949503aa7e36d12f42205dc287e4883f407b1988820d39", size = 6353577, upload-time = "2026-07-01T11:55:52.697Z" },
    { url = "https://files.pythonhosted.org/packages/0f/ce/e63064e2122923ff687c8ad792d0d736a7b3920a56a46982e81a7fdd25d6/pillow-12.3.0-cp315-cp315-musllinux_1_2_x86_64.whl", hash = "sha256:e795b7eb908249c4e43c7c99fac7c2c75dab0c43566e37db472a355f63693d71", size = 7060394, upload-time = "2026-07-01T11:55:55.149Z" },
    { url = "https://files.pythonhosted.org/packages/54/76/a09cc3ccc8d773a7283d34c38bec1708f9e3cc932093cbc4c5e71ac4060b/pillow-12.3.0-cp315-cp315-win32.whl", hash = "sha256:57b3d78c95ba9059768b10e28b813002261d3f3dfc55cc48b0c988f625175827", size = 6467375, upload-time = "2026-07-01T11:55:57.769Z" },
    { url = "https://files.pythonhosted.org/packages/3e/03/1846c49ba3b1d5550392a4bbd06d6fb4578e1cd91a803198b5c90f5f7d53/pillow-12.3.0-cp315-cp315-win_amd64.whl", hash = "sha256:fa4ecea169a355be7a3ade2c783e2ed12f0e40d2c5621cda8b3297faf7fbb9f5", size = 7237048, upload-time = "2026-07-01T11:55:59.975Z" },
    { url = "https://files.pythonhosted.org/packages/fb/bb/89f35dcc79610423f9f195504d7def7f0d1416a711541b42867e25fe3412/pillow-12.3.0-cp315-cp315-win_arm64.whl", hash = "sha256:877c3f311ff35410f690861c4409e7ccbf0cd2f878e50628a28e5a0bb689e658", size = 2566006, upload-time = "2026-07-01T11:56:02.143Z" },
    { url = "https://files.pythonhosted.org/packages/30/88/707027ba09942dfa2c28759b5c222d769290a41c6d20ea60ec250801941f/pillow-12.3.0-cp315-cp315t-macosx_10_15_x86_64.whl", hash = "sha256:e9871b1ffbfa9656b60aeee92ed5136a5742696006fa322b29ea3d8da0ecc9cf", size = 5352509, upload-time = "2026-07-01T11:56:04.2Z" },
    { url = "https://files.pythonhosted.org/packages/b0/6d/00352fa25332c2569cd387851f568cc5a4b75a9adbfb37ac4fbce4c02eec/pillow-12.3.0-cp315-cp315t-macosx_11_0_arm64.whl", hash = "sha256:53aa02d20d10c3d814d536aa4e5ac9b84ca0ff5a88377963b085ad6822f93e64", size = 4783167, upload-time = "2026-07-01T11:56:06.631Z" },
    { url = "https://files.pythonhosted.org/packages/13/4f/9e049dfa21af7c22427275720e2490267ba8138120add5c4c574deb69782/pillow-12.3.0-cp315-cp315t-manylinux_2_27_aarch64.manylinux_2_28_aarch64.whl", hash = "sha256:446c34dcc4324b084a53b705127dc15717b22c5e140ae0a3c38349d4efec071e", size = 6329237, upload-time = "2026-07-01T11:56:08.868Z" },
    { url = "https://files.pythonhosted.org/packages/36/16/cf6eeaae8d0fce8dd390a33437cf68c5d5bd73834a2bc6e2f14efda0ab45/pillow-12.3.0-cp315-cp315t-manylinux_2_27_x86_64.manylinux_2_28_x86_64.whl", hash = "sha256:cf1845d02ad822a369a49f2bb9345b1614744267682e7a03527dc3bf6eea1777", size = 6997047, upload-time = "2026-07-01T11:56:11.379Z" },
    { url = "https://files.pythonhosted.org/packages/1e/69/dbf769bdd55f48bf5733cac28edc6364ffaa072ec9ba336266e4fe66be55/pillow-12.3.0-cp315-cp315t-musllinux_1_2_aarch64.whl", hash = "sha256:186941b6aef820ad110fb01fb06eb925374dc3a21b17e37ec9a53b250c6fe2d1", size = 6400440, upload-time = "2026-07-01T11:56:13.908Z" },
    { url = "https://files.pythonhosted.org/packages/a0/e1/ffc9cfc2eea0d178da8018e18e959301ad9d6bc9f3edb7181e748a474b97/pillow-12.3.0-cp315-cp315t-musllinux_1_2_x86_64.whl", hash = "sha256:f13c32a3abd6079a66d9526e18dad9b6d280384d49d7c54040cd57b6424041d9", size = 7105895, upload-time = "2026-07-01T11:56:16.575Z" },
    { url = "https://files.pythonhosted.org/packages/18/f0/a5595c1e8c3ae44b9828cb2f0fa8155e5095ef04d6327b8f61cf44a3df85/pillow-12.3.0-cp315-cp315t-win32.whl", hash = "sha256:1657923d2d45afb66526e5b933e5b3052e6bdea196c90d3abb2424e18c77dae8", size = 6474384, upload-time = "2026-07-01T11:56:18.855Z" },
    { url = "https://files.pythonhosted.org/packages/e4/04/62bcd9f844984c5938d3b05264a61d797a29d3e0812341a8204af70bbdee/pillow-12.3.0-cp315-cp315t-win_amd64.whl", hash = "sha256:8cd2f7bdda092d99c9fc2fb7391354f306d01443d22785d0cbfafa2e2c8bb418", size = 7243537, upload-time = "2026-07-01T11:56:21.214Z" },
    { url = "https://files.pythonhosted.org/packages/3d/68/1f3066acedf37673694a7141381d8f811ae97f30d34413d236abe7d489f1/pillow-12.3.0-cp315-cp315t-win_arm64.whl", hash = "sha256:06ff022112bc9cbf83b60f8e028d94ad87b60621706487e65f673de61610ab59", size = 2567491, upload-time = "2026-07-01T11:56:23.506Z" },
]

[[package]]
name = "ruff"
version = "0.16.0"
source = { registry = "https://pypi.org/simple" }
sdist = { url = "https://files.pythonhosted.org/packages/4d/94/1e5e4967626faf12fa56999cd6222dff6992ceb086ad7945756baf70c7a7/ruff-0.16.0.tar.gz", hash = "sha256:e460aafd5495ec89efaa6ced2e4a9a581116451e1c88b9d37ef497e0f8e93982", size = 4790557, upload-time = "2026-07-23T19:11:30.981Z" }
wheels = [
    { url = "https://files.pythonhosted.org/packages/4b/81/1c8818fee7ce1a04cd7d1b3172e0a8f8e4f1dc4feb7fc390e16daa8af323/ruff-0.16.0-py3-none-linux_armv6l.whl", hash = "sha256:e5115729eb08c585e5121978ba5d5b60caeae394ce21b9fb5e6cd33a1c6c9b1e", size = 10754633, upload-time = "2026-07-23T19:10:46.415Z" },
    { url = "https://files.pythonhosted.org/packages/23/df/beaf59c09d68db84304d555f188b276a77132a5d5b0b67a5c762aa143628/ruff-0.16.0-py3-none-macosx_10_12_x86_64.whl", hash = "sha256:3c954b1d580bfa035b41654f7858cc7e71d5fc3ac5b723dd62bd9133830ed522", size = 10969164, upload-time = "2026-07-23T19:10:50.271Z" },
    { url = "https://files.pythonhosted.org/packages/42/ce/741cd197496a1abbf51352710fd15ed995d2a2be87189c1da26a450d6e83/ruff-0.16.0-py3-none-macosx_11_0_arm64.whl", hash = "sha256:e01c21d10eb1b29f47b7454e1f4056db9a3f0260c646aa88457c610291db9f81", size = 10488846, upload-time = "2026-07-23T19:10:52.639Z" },
    { url = "https://files.pythonhosted.org/packages/52/2a/a2db8e88cade358f5cdcb05674a917751074109315d014eb6352d9a893f7/ruff-0.16.0-py3-none-manylinux_2_17_aarch64.manylinux2014_aarch64.whl", hash = "sha256:6e364e5ed22ed8dc05082fd78e35308618260907ac2d3c1d637b2e682415b6c9", size = 10889729, upload-time = "2026-07-23T19:10:54.89Z" },
    { url = "https://files.pythonhosted.org/packages/42/65/62a771694ebd63029dc953e27dbad40e1588bd4860ff9fe881018fddaa49/ruff-0.16.0-py3-none-manylinux_2_17_armv7l.manylinux2014_armv7l.whl", hash = "sha256:d327b8fc113a1d4421a04f3839d3752057c8dd1ee320223a6f3f52d04ada462a", size = 10568275, upload-time = "2026-07-23T19:10:56.993Z" },
    { url = "https://files.pythonhosted.org/packages/3f/e2/ced249fe8af5f086c5c58cc21cc3356d50f32f7401c5df87050c999620a7/ruff-0.16.0-py3-none-manylinux_2_17_i686.manylinux2014_i686.whl", hash = "sha256:a9b50c55e263103586b3dcf5f73d479eb8cb5fdb6098fec59a62891dab653717", size = 11385112, upload-time = "2026-07-23T19:10:59.615Z" },
    { url = "https://files.pythonhosted.org/packages/87/0b/05154977a8fd69eeb6c103271f55403bfd8711f5c0f8ed07489d95a504e7/ruff-0.16.0-py3-none-manylinux_2_17_ppc64le.manylinux2014_ppc64le.whl", hash = "sha256:0ff4a79ce3ec0172f3241943835de1c4cb4e2dcd07f0f8c2d02603dbbbee4b17", size = 12207008, upload-time = "2026-07-23T19:11:02.154Z" },
    { url = "https://files.pythonhosted.org/packages/fb/29/98225831a3a1eab0e02f4acc6ca6559a98611dcc68b6965ff4b7234627c1/ruff-0.16.0-py3-none-manylinux_2_17_s390x.manylinux2014_s390x.whl", hash = "sha256:e95c448fca1fb2a18372a9440926c5a6ee789639bb975c72e7ae6d0b04218ab4", size = 11650842, upload-time = "2026-07-23T19:11:04.557Z" },
    { url = "https://files.pythonhosted.org/packages/91/66/6bd3cf90500653d55dc0ffc8507aa8300bd49d0214b2e8cb4d3fef2943ba/ruff-0.16.0-py3-none-manylinux_2_17_x86_64.manylinux2014_x86_64.whl", hash = "sha256:4f11a8d11010301d0a398a2fdef67691feca7294da6aef55e2150e8fa2cd520b", size = 11400718, upload-time = "2026-07-23T19:11:09.233Z" },
    { url = "https://files.pythonhosted.org/packages/8e/a2/a54eb4eae05d66364050a5d3b8a9c5ef88196531b3cbe7109d873f87f819/ruff-0.16.0-py3-none-manylinux_2_31_riscv64.whl", hash = "sha256:48044c678e9cb8698246c99b14aaccfa6601dea7379eb48a6f8f73f7a6d86cd0", size = 11426177, upload-time = "2026-07-23T19:11:11.994Z" },
    { url = "https://files.pythonhosted.org/packages/1a/be/16e3eea4b2a478a496919f5e36f17c4559e54620bd3bbac5d6affa068006/ruff-0.16.0-py3-none-musllinux_1_2_aarch64.whl", hash = "sha256:7aa0959bad8eb8bef50340154fc9b58678dae31fa4293afa38b44b6e552c0213", size = 10856126, upload-time = "2026-07-23T19:11:14.221Z" },
    { url = "https://files.pythonhosted.org/packages/a2/84/252eb8b868a16eec7257c14f504f77537e734b2d69c762e639e588e304a3/ruff-0.16.0-py3-none-musllinux_1_2_armv7l.whl", hash = "sha256:28ea2b7df8ebf7f9da6b7d47b230ab48f387c0a29be3b474c4d0740e197bb9af", size = 10571208, upload-time = "2026-07-23T19:11:16.378Z" },
    { url = "https://files.pythonhosted.org/packages/21/09/817a482f542f7570cbb4554b26e896610c7114f539b1d9e2d2145bf6bef6/ruff-0.16.0-py3-none-musllinux_1_2_i686.whl", hash = "sha256:33a3dfac8c35f81498dea9181bccc2f4c4bc8f1521a1dd9406e77643e0f0fb09", size = 11063329, upload-time = "2026-07-23T19:11:19.173Z" },
    { url = "https://files.pythonhosted.org/packages/2e/23/9403c180ca1cb9b1f7335f5c3e5305c09d49ea5b345196682a36028bde4a/ruff-0.16.0-py3-none-musllinux_1_2_x86_64.whl", hash = "sha256:a5237a0bda500d30d81b8e07a6973a5cbc772864cbf746ae2f4e8a2e01c9f4ed", size = 11489751, upload-time = "2026-07-23T19:11:21.74Z" },
    { url = "https://files.pythonhosted.org/packages/b2/1d/1b2ef7bcde851c78d7f17f1cca13fd6dc695fc4b3d6197941e72cae5b132/ruff-0.16.0-py3-none-win32.whl", hash = "sha256:7fab76fa065c873f41ff744347c6e77bcc3dfec4bcc754dc26b63d23c0f7f5fb", size = 10785885, upload-time = "2026-07-23T19:11:23.947Z" },
    { url = "https://files.pythonhosted.org/packages/b2/a3/d5e4ef7a56be3f928ffb90b94c25ba7d3cb9c7fe0736aeaaedf361770712/ruff-0.16.0-py3-none-win_amd64.whl", hash = "sha256:429c117f022bf481fabd9d551e7a3952b24c65e6ef44337ea09d90bebef14472", size = 11923141, upload-time = "2026-07-23T19:11:26.409Z" },
    { url = "https://files.pythonhosted.org/packages/cb/9a/8415f2657cbe200f41a4531ccededf135505a92d4a012229121f885b26f9/ruff-0.16.0-py3-none-win_arm64.whl", hash = "sha256:14296fedcd2705c77ab8235439278bbb38f285cf7da5528b00b3e330c3d4872d", size = 11273407, upload-time = "2026-07-23T19:11:28.705Z" },
]

[[package]]
name = "ty"
version = "0.0.30"
source = { registry = "https://pypi.org/simple" }
sdist = { url = "https://files.pythonhosted.org/packages/62/21/3ee32f163038ac2663c7bea47a07d06bf4cc7c09d95b96db194bda1b70cb/ty-0.0.30.tar.gz", hash = "sha256:c982207640e7d75331b81031ebfb884ab858ed26ab16d7c086ac4942e2771846", size = 5518350, upload-time = "2026-04-14T13:53:35.462Z" }
wheels = [
    { url = "https://files.pythonhosted.org/packages/a8/24/7aa94d02a9257ed96e64e4e99b527f28390febd8424107b4f8a70763ace9/ty-0.0.30-py3-none-linux_armv6l.whl", hash = "sha256:1be31a24a2a177571c3276854bf01b2b1a77dba6e754507089c25bb1825ce5f6", size = 10801835, upload-time = "2026-04-14T13:53:21.477Z" },
    { url = "https://files.pythonhosted.org/packages/ec/97/2410ebc85cfcdf3bbd0e5958c6cd0b88085b1a184374ecfa755f84d6c8b2/ty-0.0.30-py3-none-macosx_10_12_x86_64.whl", hash = "sha256:019f1d0d5d5265a1e634a51fd49374df43dafae14de98c2a0d349beb8233550b", size = 10582386, upload-time = "2026-04-14T13:53:07.472Z" },
    { url = "https://files.pythonhosted.org/packages/e3/d2/a2649eb6841ebf946ac827e778b7e78b5ef63c3758bf2b9da13d927a53da/ty-0.0.30-py3-none-macosx_11_0_arm64.whl", hash = "sha256:fe3012af4d0714e7353fd3cf6d2d02d5b0f0fe6f1cb8beb2366ed9f621c2c349", size = 10031621, upload-time = "2026-04-14T13:53:01.523Z" },
    { url = "https://files.pythonhosted.org/packages/6e/8e/40a66ccd5d5d51adf0469b9fbe4f1f79f928a880b34b8a6c7c934e8a883a/ty-0.0.30-py3-none-manylinux_2_17_aarch64.manylinux2014_aarch64.whl", hash = "sha256:d1e90b4ebf6310c7734344739e0950f4cede5a33b1e51a12a0c0fc8a975866ed", size = 10537511, upload-time = "2026-04-14T13:53:04.538Z" },
    { url = "https://files.pythonhosted.org/packages/25/31/5dea2987601ef1c8c58b04f2173971e7fe51f7902ab93a66d09e0f12115a/ty-0.0.30-py3-none-manylinux_2_17_armv7l.manylinux2014_armv7l.whl", hash = "sha256:fd83a0d82cbc32c2ae521e7fa101fb5fe5b566adb1364996582535700572a9ec", size = 10603406, upload-time = "2026-04-14T13:53:47.564Z" },
    { url = "https://files.pythonhosted.org/packages/b9/a4/5a7585b6b219a2edc00255af0b16a8475f88fe43c5cdbe499daecb67f100/ty-0.0.30-py3-none-manylinux_2_17_i686.manylinux2014_i686.whl", hash = "sha256:672a29271c13247096d0b2766e69cb35b1583882dd6e7b24065927e2491ffe6d", size = 11109133, upload-time = "2026-04-14T13:53:24.463Z" },
    { url = "https://files.pythonhosted.org/packages/b9/83/b402dc4bd99b6f3eb0bce04e557889a164e099976a7fc71a6b07c923241b/ty-0.0.30-py3-none-manylinux_2_17_ppc64le.manylinux2014_ppc64le.whl", hash = "sha256:91ff236adbb90281c05f7e160664820be50f42d3a9d8f1d0a648f006864114fa", size = 11663362, upload-time = "2026-04-14T13:53:18.505Z" },
    { url = "https://files.pythonhosted.org/packages/65/1b/8157f03acc15421083c194b11a61a78d10e3dfa7e4a0177809fc9acc3881/ty-0.0.30-py3-none-manylinux_2_17_s390x.manylinux2014_s390x.whl", hash = "sha256:6ec99bd5d5430c52fb64038483deb070f12c7ae78ffd6d6841d31719daedf1d7", size = 11304786, upload-time = "2026-04-14T13:53:30.076Z" },
    { url = "https://files.pythonhosted.org/packages/d9/c3/f89a9a42b47da108ed758ae9d065d10bf2acc2ea88e3d200b95511096b7b/ty-0.0.30-py3-none-manylinux_2_17_x86_64.manylinux2014_x86_64.whl", hash = "sha256:a4b328ee332ec6276afc863ea7cf6d8167d9dd8d9f3d1c2e738ef39932511ac4", size = 11173426, upload-time = "2026-04-14T13:53:10.262Z" },
    { url = "https://files.pythonhosted.org/packages/81/37/fa38ee0259dc49579e1871b23ab1ff27331a78460566cdc13045a237595d/ty-0.0.30-py3-none-musllinux_1_2_aarch64.whl", hash = "sha256:fd0d664d6530890a8e872accd96895410773e7a4c6d20c244fb7a5f541ff359b", size = 10517157, upload-time = "2026-04-14T13:53:15.739Z" },
    { url = "https://files.pythonhosted.org/packages/2e/79/28032481141eb6ce3274f62b9ff9b1d73d59df6b28080c8fe3c6bdef700e/ty-0.0.30-py3-none-musllinux_1_2_armv7l.whl", hash = "sha256:314004166a7a5e39e169c7da0b9e78f3315382f53db8698fd98346cee3bb0784", size = 10613222, upload-time = "2026-04-14T13:53:13.269Z" },
    { url = "https://files.pythonhosted.org/packages/45/a0/989fca4c74095defd7d3ba5afc68a5aa4e2ca428fedfca5df526701c730b/ty-0.0.30-py3-none-musllinux_1_2_i686.whl", hash = "sha256:d969ebf9d8b08e93e638c56e6fb5a8dacd2a24f43e3519479d245ddde69f968e", size = 10789624, upload-time = "2026-04-14T13:53:42.156Z" },
    { url = "https://files.pythonhosted.org/packages/5c/74/3e74aba392ba2eeae5d86568ee282d9d6b2b6642445e3d9837c88d73c282/ty-0.0.30-py3-none-musllinux_1_2_x86_64.whl", hash = "sha256:66922c8c4381a016f90ec4b811748e7bb12da892f4c273640710da721caea7fb", size = 11260273, upload-time = "2026-04-14T13:53:44.974Z" },
    { url = "https://files.pythonhosted.org/packages/24/0e/e94a0e5e5a1850a2ba61c5efcfa594cfc2d23c026bf431cce33003d036a0/ty-0.0.30-py3-none-win32.whl", hash = "sha256:b7b2ecf80c872d7d9928b372e99233bdda7cabe639edd06b6232c3161a7dfa40", size = 10145096, upload-time = "2026-04-14T13:53:39.335Z" },
    { url = "https://files.pythonhosted.org/packages/50/d3/09c8df72ad37f7f4d9d79fe04a08bfa649d9f141d137e624fc23c7c3d7fe/ty-0.0.30-py3-none-win_amd64.whl", hash = "sha256:f29834e3d96c447f2adcf9eeb55b3f92005c91f52597c4c46d844188ec67ec72", size = 11156009, upload-time = "2026-04-14T13:53:32.847Z" },
    { url = "https://files.pythonhosted.org/packages/e6/17/a5c049c36e2fef9c593a1862f275af963b66045378f10b6908c6f10f6f4a/ty-0.0.30-py3-none-win_arm64.whl", hash = "sha256:d9be1d258dab615b447d20fa58633f0ae163af01bfa781a50457defec20642fd", size = 10552887, upload-time = "2026-04-14T13:53:27.455Z" },
]
